{
  "name": "phase-4-deploying-app-demo",
  "lockfileVersion": 2,
  "requires": true,
  "packages": {
    "": {
      "name": "phase-4-deploying-app-demo",
      "dependencies": {
        "@ckeditor/ckeditor5-build-classic": "^33.0.0",
        "@ckeditor/ckeditor5-react": "^4.0.1",
        "react-router-dom": "^5.3.0"
      },
      "engines": {
        "node": "16.x"
      }
    },
    "node_modules/@babel/runtime": {
      "version": "7.17.9",
      "resolved": "https://registry.npmjs.org/@babel/runtime/-/runtime-7.17.9.tgz",
      "integrity": "sha512-lSiBBvodq29uShpWGNbgFdKYNiFDo5/HIYsaCEY9ff4sb10x9jizo2+pRrSyF4jKZCXqgzuqBOQKbUm90gQwJg==",
      "dependencies": {
        "regenerator-runtime": "^0.13.4"
      },
      "engines": {
        "node": ">=6.9.0"
      }
    },
    "node_modules/@ckeditor/ckeditor5-adapter-ckfinder": {
      "version": "33.0.0",
      "resolved": "https://registry.npmjs.org/@ckeditor/ckeditor5-adapter-ckfinder/-/ckeditor5-adapter-ckfinder-33.0.0.tgz",
      "integrity": "sha512-q2VlCvPKeNJYrL0edLI39EzLv9stmTSvHKD4dvcRECp+JqlRC9SjX04dYNDCC+ZSyLjIy/3wOIqxmxvJILQ+7w==",
      "dependencies": {
        "ckeditor5": "^33.0.0"
      },
      "engines": {
        "node": ">=14.0.0",
        "npm": ">=5.7.1"
      }
    },
    "node_modules/@ckeditor/ckeditor5-autoformat": {
      "version": "33.0.0",
      "resolved": "https://registry.npmjs.org/@ckeditor/ckeditor5-autoformat/-/ckeditor5-autoformat-33.0.0.tgz",
      "integrity": "sha512-UnHPuA62uN2UfD+WwXLAZGV86EUQqxEUdAI7CXvcXBMz6S8P687aakHMs20p+iuxdcRLyN4slDdpumpVHr2D/g==",
      "dependencies": {
        "ckeditor5": "^33.0.0"
      },
      "engines": {
        "node": ">=14.0.0",
        "npm": ">=5.7.1"
      }
    },
    "node_modules/@ckeditor/ckeditor5-basic-styles": {
      "version": "33.0.0",
      "resolved": "https://registry.npmjs.org/@ckeditor/ckeditor5-basic-styles/-/ckeditor5-basic-styles-33.0.0.tgz",
      "integrity": "sha512-cg8wlUelIPMOW7vDPQpYDcfN6XzR84u6HFyfCO+KnH0L5KerMm4qfA4bVZ+LksJWyxbu1plTvabq5inua2bUvw==",
      "dependencies": {
        "ckeditor5": "^33.0.0"
      },
      "engines": {
        "node": ">=14.0.0",
        "npm": ">=5.7.1"
      }
    },
    "node_modules/@ckeditor/ckeditor5-block-quote": {
      "version": "33.0.0",
      "resolved": "https://registry.npmjs.org/@ckeditor/ckeditor5-block-quote/-/ckeditor5-block-quote-33.0.0.tgz",
      "integrity": "sha512-ACP+nNz7hOV/u3/dcdQsG2Hk2AG7UvjNLEU1k4X4dg0MxANqpmTyfYDmofV7mUZ5fllFI3uuLabg81eLHlv1Xw==",
      "dependencies": {
        "ckeditor5": "^33.0.0"
      },
      "engines": {
        "node": ">=14.0.0",
        "npm": ">=5.7.1"
      }
    },
    "node_modules/@ckeditor/ckeditor5-build-classic": {
      "version": "33.0.0",
      "resolved": "https://registry.npmjs.org/@ckeditor/ckeditor5-build-classic/-/ckeditor5-build-classic-33.0.0.tgz",
      "integrity": "sha512-OyWPhUwi44OzMefReKUKWk8joKnmLJPEcB+GpEeonsB11AjGNFJejQirsDBnp0oryLxpt2/zq9APyABFVs9oBA==",
      "dependencies": {
        "@ckeditor/ckeditor5-adapter-ckfinder": "^33.0.0",
        "@ckeditor/ckeditor5-autoformat": "^33.0.0",
        "@ckeditor/ckeditor5-basic-styles": "^33.0.0",
        "@ckeditor/ckeditor5-block-quote": "^33.0.0",
        "@ckeditor/ckeditor5-ckfinder": "^33.0.0",
        "@ckeditor/ckeditor5-cloud-services": "^33.0.0",
        "@ckeditor/ckeditor5-easy-image": "^33.0.0",
        "@ckeditor/ckeditor5-editor-classic": "^33.0.0",
        "@ckeditor/ckeditor5-essentials": "^33.0.0",
        "@ckeditor/ckeditor5-heading": "^33.0.0",
        "@ckeditor/ckeditor5-image": "^33.0.0",
        "@ckeditor/ckeditor5-indent": "^33.0.0",
        "@ckeditor/ckeditor5-link": "^33.0.0",
        "@ckeditor/ckeditor5-list": "^33.0.0",
        "@ckeditor/ckeditor5-media-embed": "^33.0.0",
        "@ckeditor/ckeditor5-paragraph": "^33.0.0",
        "@ckeditor/ckeditor5-paste-from-office": "^33.0.0",
        "@ckeditor/ckeditor5-table": "^33.0.0",
        "@ckeditor/ckeditor5-typing": "^33.0.0"
      },
      "engines": {
        "node": ">=14.0.0",
        "npm": ">=5.7.1"
      }
    },
    "node_modules/@ckeditor/ckeditor5-ckfinder": {
      "version": "33.0.0",
      "resolved": "https://registry.npmjs.org/@ckeditor/ckeditor5-ckfinder/-/ckeditor5-ckfinder-33.0.0.tgz",
      "integrity": "sha512-LkOIHZJWKz6P8OWt04okccSxV/8NR751q4g7dUDwxf/u+JuV7WlPURp0wy5s22sIJPZHSa/nitF9o5wd98bcnQ==",
      "dependencies": {
        "ckeditor5": "^33.0.0"
      },
      "engines": {
        "node": ">=14.0.0",
        "npm": ">=5.7.1"
      }
    },
    "node_modules/@ckeditor/ckeditor5-clipboard": {
      "version": "33.0.0",
      "resolved": "https://registry.npmjs.org/@ckeditor/ckeditor5-clipboard/-/ckeditor5-clipboard-33.0.0.tgz",
      "integrity": "sha512-/2DHhIm6/ubaB4veLJbJ24earj3en5z0orzLA0mPCTT4ATag7C0YZ9+cyQZYLBbxbjPmOdMmR7jiM8Yw84AdNQ==",
      "dependencies": {
        "@ckeditor/ckeditor5-core": "^33.0.0",
        "@ckeditor/ckeditor5-engine": "^33.0.0",
        "@ckeditor/ckeditor5-utils": "^33.0.0",
        "@ckeditor/ckeditor5-widget": "^33.0.0",
        "lodash-es": "^4.17.11"
      },
      "engines": {
        "node": ">=14.0.0",
        "npm": ">=5.7.1"
      }
    },
    "node_modules/@ckeditor/ckeditor5-cloud-services": {
      "version": "33.0.0",
      "resolved": "https://registry.npmjs.org/@ckeditor/ckeditor5-cloud-services/-/ckeditor5-cloud-services-33.0.0.tgz",
      "integrity": "sha512-/Ohjy+UJE6m6dbx1XpFJ/ASU+o1a97FmiVU/fUD92Iywz1DFKzSb+xP8NcKpvez+P1OOOQDvhNwx/Gzclx51lw==",
      "dependencies": {
        "ckeditor5": "^33.0.0"
      },
      "engines": {
        "node": ">=14.0.0",
        "npm": ">=5.7.1"
      }
    },
    "node_modules/@ckeditor/ckeditor5-core": {
      "version": "33.0.0",
      "resolved": "https://registry.npmjs.org/@ckeditor/ckeditor5-core/-/ckeditor5-core-33.0.0.tgz",
      "integrity": "sha512-ciYryUdtckV/lGcmT9cTo5ZG12xpM8k1liMDCHs8tT/J8iq35JwSoiZGM3S9lhXLk7SB7hC2jd2JsugMoEzrFA==",
      "dependencies": {
        "@ckeditor/ckeditor5-engine": "^33.0.0",
        "@ckeditor/ckeditor5-ui": "^33.0.0",
        "@ckeditor/ckeditor5-utils": "^33.0.0",
        "lodash-es": "^4.17.15"
      },
      "engines": {
        "node": ">=14.0.0",
        "npm": ">=5.7.1"
      }
    },
    "node_modules/@ckeditor/ckeditor5-easy-image": {
      "version": "33.0.0",
      "resolved": "https://registry.npmjs.org/@ckeditor/ckeditor5-easy-image/-/ckeditor5-easy-image-33.0.0.tgz",
      "integrity": "sha512-HMj+Psqt6vXj3B7Ki2Ch5BZD6I8I+j9PL40QZuF7fkmV/fzJjCRYhu7Byzxvu/ZgjASJzxn7omOwdA04+dXeqg==",
      "dependencies": {
        "ckeditor5": "^33.0.0"
      },
      "engines": {
        "node": ">=14.0.0",
        "npm": ">=5.7.1"
      }
    },
    "node_modules/@ckeditor/ckeditor5-editor-classic": {
      "version": "33.0.0",
      "resolved": "https://registry.npmjs.org/@ckeditor/ckeditor5-editor-classic/-/ckeditor5-editor-classic-33.0.0.tgz",
      "integrity": "sha512-3KYvy7+Gj11NVgBXpL3CqeqeWcIJQlIyc73ODpK2+q9bkBk/1M4w6ZX0e5g+Pv3Q2h4bgfitWfXkfJBXXIrAYw==",
      "dependencies": {
        "ckeditor5": "^33.0.0",
        "lodash-es": "^4.17.15"
      },
      "engines": {
        "node": ">=14.0.0",
        "npm": ">=5.7.1"
      }
    },
    "node_modules/@ckeditor/ckeditor5-engine": {
      "version": "33.0.0",
      "resolved": "https://registry.npmjs.org/@ckeditor/ckeditor5-engine/-/ckeditor5-engine-33.0.0.tgz",
      "integrity": "sha512-dZIcj8f80s+4RxJaWZWoxK2E8OHDFGi8FDayqNy65lJp97ks4O5QCYm5N3/RRwaHqFtX0MkiCX0uTAKU6mTXCg==",
      "dependencies": {
        "@ckeditor/ckeditor5-utils": "^33.0.0",
        "lodash-es": "^4.17.15"
      },
      "engines": {
        "node": ">=14.0.0",
        "npm": ">=5.7.1"
      }
    },
    "node_modules/@ckeditor/ckeditor5-enter": {
      "version": "33.0.0",
      "resolved": "https://registry.npmjs.org/@ckeditor/ckeditor5-enter/-/ckeditor5-enter-33.0.0.tgz",
      "integrity": "sha512-L7viqPLQ2vJBlCWGR8CJGfu1uuwyxMvwj+r3GeCkd3QV+E9PHAzrslc8V4WIyUk9DUcFuuZaF4iT7NZapmWmvg==",
      "dependencies": {
        "@ckeditor/ckeditor5-core": "^33.0.0",
        "@ckeditor/ckeditor5-engine": "^33.0.0",
        "@ckeditor/ckeditor5-utils": "^33.0.0"
      },
      "engines": {
        "node": ">=14.0.0",
        "npm": ">=5.7.1"
      }
    },
    "node_modules/@ckeditor/ckeditor5-essentials": {
      "version": "33.0.0",
      "resolved": "https://registry.npmjs.org/@ckeditor/ckeditor5-essentials/-/ckeditor5-essentials-33.0.0.tgz",
      "integrity": "sha512-KXvyQ5Z/AGD0iTTnP4GMfTWrIY0Sip6kes7uqqbGdrCL/fINzUPywRSkgB5c9LBFleX/H12x5Cyn1lhof9zdiw==",
      "dependencies": {
        "ckeditor5": "^33.0.0"
      },
      "engines": {
        "node": ">=14.0.0",
        "npm": ">=5.7.1"
      }
    },
    "node_modules/@ckeditor/ckeditor5-heading": {
      "version": "33.0.0",
      "resolved": "https://registry.npmjs.org/@ckeditor/ckeditor5-heading/-/ckeditor5-heading-33.0.0.tgz",
      "integrity": "sha512-rYvl0uTN4FcSNU+X/PQXMeeCbfgHGXYqY5ZPfqmNYq3lrtnWDqaapoJiIh8ybeotQ8DDT3tCB+2drlhgKJwbkw==",
      "dependencies": {
        "ckeditor5": "^33.0.0"
      },
      "engines": {
        "node": ">=14.0.0",
        "npm": ">=5.7.1"
      }
    },
    "node_modules/@ckeditor/ckeditor5-image": {
      "version": "33.0.0",
      "resolved": "https://registry.npmjs.org/@ckeditor/ckeditor5-image/-/ckeditor5-image-33.0.0.tgz",
      "integrity": "sha512-Wal6j90JCspz1dvAjmDgNZj1UrqmDk54arXORn2deaVPCY5E7VSdaCPH4uSMT2Rppc6DQoidSxczXYnDkyCJxw==",
      "dependencies": {
        "@ckeditor/ckeditor5-ui": "^33.0.0",
        "ckeditor5": "^33.0.0",
        "lodash-es": "^4.17.15"
      },
      "engines": {
        "node": ">=14.0.0",
        "npm": ">=5.7.1"
      }
    },
    "node_modules/@ckeditor/ckeditor5-indent": {
      "version": "33.0.0",
      "resolved": "https://registry.npmjs.org/@ckeditor/ckeditor5-indent/-/ckeditor5-indent-33.0.0.tgz",
      "integrity": "sha512-PmI86z61/3XxhHTnMwqvfKBtBvnL+9OTqZRfh6IxO5onnj6sUsky8SD6J54MTynObZ1hSqqzToRQWg79A85LuQ==",
      "dependencies": {
        "ckeditor5": "^33.0.0"
      },
      "engines": {
        "node": ">=14.0.0",
        "npm": ">=5.7.1"
      }
    },
    "node_modules/@ckeditor/ckeditor5-link": {
      "version": "33.0.0",
      "resolved": "https://registry.npmjs.org/@ckeditor/ckeditor5-link/-/ckeditor5-link-33.0.0.tgz",
      "integrity": "sha512-KYejz6JuaKErtioN3/OkH31MBZen5g790FlBTvcSQUeCrajYJXfxXv6OaTNWgf4VM7pP8/NaRQ6MGICNn/imUw==",
      "dependencies": {
        "@ckeditor/ckeditor5-ui": "^33.0.0",
        "ckeditor5": "^33.0.0",
        "lodash-es": "^4.17.15"
      },
      "engines": {
        "node": ">=14.0.0",
        "npm": ">=5.7.1"
      }
    },
    "node_modules/@ckeditor/ckeditor5-list": {
      "version": "33.0.0",
      "resolved": "https://registry.npmjs.org/@ckeditor/ckeditor5-list/-/ckeditor5-list-33.0.0.tgz",
      "integrity": "sha512-duBpQFwfntztoFOoiAaSJFHIMuOzyN8PnGqgZ/ackt8jP2x2+1dViE6tAuHQz2KRsPCSAcW7NQlFOkma9+yFdg==",
      "dependencies": {
        "@ckeditor/ckeditor5-ui": "^33.0.0",
        "ckeditor5": "^33.0.0"
      },
      "engines": {
        "node": ">=14.0.0",
        "npm": ">=5.7.1"
      }
    },
    "node_modules/@ckeditor/ckeditor5-media-embed": {
      "version": "33.0.0",
      "resolved": "https://registry.npmjs.org/@ckeditor/ckeditor5-media-embed/-/ckeditor5-media-embed-33.0.0.tgz",
      "integrity": "sha512-gtIoQC/s4D7EsXYIawaLInTNX0H8RcUHSSRewO9F5C/LtVmkwhyMJ9H6DSPrPmhgOiDcJVfkQUaF5q8EPIt8Fw==",
      "dependencies": {
        "@ckeditor/ckeditor5-ui": "^33.0.0",
        "ckeditor5": "^33.0.0"
      },
      "engines": {
        "node": ">=14.0.0",
        "npm": ">=5.7.1"
      }
    },
    "node_modules/@ckeditor/ckeditor5-paragraph": {
      "version": "33.0.0",
      "resolved": "https://registry.npmjs.org/@ckeditor/ckeditor5-paragraph/-/ckeditor5-paragraph-33.0.0.tgz",
      "integrity": "sha512-uYCKWTWh/XmLKrcJB4FjW7F7aTW916U9nkpnzD5tWTOvh8Dl2MqpK9WpH+nCIi68suPVKjgYszAdNKOlUcF9oQ==",
      "dependencies": {
        "@ckeditor/ckeditor5-core": "^33.0.0",
        "@ckeditor/ckeditor5-ui": "^33.0.0",
        "@ckeditor/ckeditor5-utils": "^33.0.0"
      },
      "engines": {
        "node": ">=14.0.0",
        "npm": ">=5.7.1"
      }
    },
    "node_modules/@ckeditor/ckeditor5-paste-from-office": {
      "version": "33.0.0",
      "resolved": "https://registry.npmjs.org/@ckeditor/ckeditor5-paste-from-office/-/ckeditor5-paste-from-office-33.0.0.tgz",
      "integrity": "sha512-URUmnydab7IGogPNN5kXa8uVuHgqaIcXzbAW+UC0U7zFuwZymArnwk4g6aybfaDdMdYGbhzX2O+qrg9bXu06XA==",
      "dependencies": {
        "ckeditor5": "^33.0.0"
      },
      "engines": {
        "node": ">=14.0.0",
        "npm": ">=5.7.1"
      }
    },
    "node_modules/@ckeditor/ckeditor5-react": {
      "version": "4.0.1",
      "resolved": "https://registry.npmjs.org/@ckeditor/ckeditor5-react/-/ckeditor5-react-4.0.1.tgz",
      "integrity": "sha512-5qKZn8EVBeEYzmDrgpq31dC2rqcJ341xKQmuj7JYzT9szsuIIzI4zOm3cf9IIglRXVWCuWvELJs8qmRNW19dzg==",
      "dependencies": {
        "prop-types": "^15.7.2"
      },
      "engines": {
        "node": ">=14.0.0",
        "npm": ">=5.7.1"
      },
      "peerDependencies": {
        "react": "^16.13.1 || ^17.0.0 || ^18.0.0"
      }
    },
    "node_modules/@ckeditor/ckeditor5-select-all": {
      "version": "33.0.0",
      "resolved": "https://registry.npmjs.org/@ckeditor/ckeditor5-select-all/-/ckeditor5-select-all-33.0.0.tgz",
      "integrity": "sha512-Srdp1vQtl3G0f7jgxerO+6oWuqcOs8zNtCKPgVAZICI3WJZZpC5QU4R7ouB2ESKhCL2nkRLMUB7j1+15mPj6Jg==",
      "dependencies": {
        "@ckeditor/ckeditor5-core": "^33.0.0",
        "@ckeditor/ckeditor5-ui": "^33.0.0",
        "@ckeditor/ckeditor5-utils": "^33.0.0"
      },
      "engines": {
        "node": ">=14.0.0",
        "npm": ">=5.7.1"
      }
    },
    "node_modules/@ckeditor/ckeditor5-table": {
      "version": "33.0.0",
      "resolved": "https://registry.npmjs.org/@ckeditor/ckeditor5-table/-/ckeditor5-table-33.0.0.tgz",
      "integrity": "sha512-sg7f0Yh9ax2oYT8YcnE4ZnI6L/oiGsfQPZQtSRiHA+whJUPf7DEAUr5bB/6CN7c/EmYM4LAixZUfp6kUnZuCsw==",
      "dependencies": {
        "ckeditor5": "^33.0.0",
        "lodash-es": "^4.17.15"
      },
      "engines": {
        "node": ">=14.0.0",
        "npm": ">=5.7.1"
      }
    },
    "node_modules/@ckeditor/ckeditor5-typing": {
      "version": "33.0.0",
      "resolved": "https://registry.npmjs.org/@ckeditor/ckeditor5-typing/-/ckeditor5-typing-33.0.0.tgz",
      "integrity": "sha512-OxRoGe1+KmvK5toG5b5HS2G1So/tdAtxzY2jQR5Zmi6XkpPHx1vNBUHfPP9eB5d6qcxKpp/EjjLkk0q4EN2b+A==",
      "dependencies": {
        "@ckeditor/ckeditor5-core": "^33.0.0",
        "@ckeditor/ckeditor5-engine": "^33.0.0",
        "@ckeditor/ckeditor5-utils": "^33.0.0",
        "lodash-es": "^4.17.15"
      },
      "engines": {
        "node": ">=14.0.0",
        "npm": ">=5.7.1"
      }
    },
    "node_modules/@ckeditor/ckeditor5-ui": {
      "version": "33.0.0",
      "resolved": "https://registry.npmjs.org/@ckeditor/ckeditor5-ui/-/ckeditor5-ui-33.0.0.tgz",
      "integrity": "sha512-T/H28BpORjciUb8EaYIdkWbDx9jsKqhQmIkx1huEpoMi0HNQcfwqyHEOlfLFZGAupEXLIlO7zmTCxGYbpCmVsQ==",
      "dependencies": {
        "@ckeditor/ckeditor5-core": "^33.0.0",
        "@ckeditor/ckeditor5-utils": "^33.0.0",
        "lodash-es": "^4.17.15"
      },
      "engines": {
        "node": ">=14.0.0",
        "npm": ">=5.7.1"
      }
    },
    "node_modules/@ckeditor/ckeditor5-undo": {
      "version": "33.0.0",
      "resolved": "https://registry.npmjs.org/@ckeditor/ckeditor5-undo/-/ckeditor5-undo-33.0.0.tgz",
      "integrity": "sha512-GvM5OAHMhnO/RYFNAKykrjAEPaPk7RWachp50Fl5P8IE37fmnf2pLAfSJFhr+Al2FzOGzsx7SNc308DnOOiXDQ==",
      "dependencies": {
        "@ckeditor/ckeditor5-core": "^33.0.0",
        "@ckeditor/ckeditor5-engine": "^33.0.0",
        "@ckeditor/ckeditor5-ui": "^33.0.0"
      },
      "engines": {
        "node": ">=14.0.0",
        "npm": ">=5.7.1"
      }
    },
    "node_modules/@ckeditor/ckeditor5-upload": {
      "version": "33.0.0",
      "resolved": "https://registry.npmjs.org/@ckeditor/ckeditor5-upload/-/ckeditor5-upload-33.0.0.tgz",
      "integrity": "sha512-Bhp7fh8k7UVc82uyjTPy64T180FgV7S1vngjVFAT2hj2JXDyy+PgEU5pFpVSc5OaMovk0w2NC3bNv7aYiSIr7g==",
      "dependencies": {
        "@ckeditor/ckeditor5-core": "^33.0.0",
        "@ckeditor/ckeditor5-ui": "^33.0.0",
        "@ckeditor/ckeditor5-utils": "^33.0.0"
      },
      "engines": {
        "node": ">=14.0.0",
        "npm": ">=5.7.1"
      }
    },
    "node_modules/@ckeditor/ckeditor5-utils": {
      "version": "33.0.0",
      "resolved": "https://registry.npmjs.org/@ckeditor/ckeditor5-utils/-/ckeditor5-utils-33.0.0.tgz",
      "integrity": "sha512-6XEv4CPUI86Rmk49BxPe+GoUzVUxJAykKOhhKTRcAa6JfKsFuop/j7rqlGCd87X3rxE3/lpzoamQs5D0WKMW6w==",
      "dependencies": {
        "lodash-es": "^4.17.15"
      },
      "engines": {
        "node": ">=14.0.0",
        "npm": ">=5.7.1"
      }
    },
    "node_modules/@ckeditor/ckeditor5-widget": {
      "version": "33.0.0",
      "resolved": "https://registry.npmjs.org/@ckeditor/ckeditor5-widget/-/ckeditor5-widget-33.0.0.tgz",
      "integrity": "sha512-4GFsYQ5UQlQm46nTyQTp8RLZbSlRZ2DV/sgG3ZcC8f1Ar7CSDo1evJ5cE9XZCdi26S7QCIjRbYE4YDGgUV0Trw==",
      "dependencies": {
        "@ckeditor/ckeditor5-core": "^33.0.0",
        "@ckeditor/ckeditor5-engine": "^33.0.0",
        "@ckeditor/ckeditor5-enter": "^33.0.0",
        "@ckeditor/ckeditor5-typing": "^33.0.0",
        "@ckeditor/ckeditor5-ui": "^33.0.0",
        "@ckeditor/ckeditor5-utils": "^33.0.0",
        "lodash-es": "^4.17.15"
      },
      "engines": {
        "node": ">=14.0.0",
        "npm": ">=5.7.1"
      }
    },
    "node_modules/ckeditor5": {
      "version": "33.0.0",
      "resolved": "https://registry.npmjs.org/ckeditor5/-/ckeditor5-33.0.0.tgz",
      "integrity": "sha512-KW1NkNFHEch8SsaUE3Gc1NcBETd4qYHuMsTHFkfQWRYKIBqu1kH5csZbERG3RW93K0EzBYZJqyxWMjJzBmK9ZA==",
      "dependencies": {
        "@ckeditor/ckeditor5-clipboard": "^33.0.0",
        "@ckeditor/ckeditor5-core": "^33.0.0",
        "@ckeditor/ckeditor5-engine": "^33.0.0",
        "@ckeditor/ckeditor5-enter": "^33.0.0",
        "@ckeditor/ckeditor5-paragraph": "^33.0.0",
        "@ckeditor/ckeditor5-select-all": "^33.0.0",
        "@ckeditor/ckeditor5-typing": "^33.0.0",
        "@ckeditor/ckeditor5-ui": "^33.0.0",
        "@ckeditor/ckeditor5-undo": "^33.0.0",
        "@ckeditor/ckeditor5-upload": "^33.0.0",
        "@ckeditor/ckeditor5-utils": "^33.0.0",
        "@ckeditor/ckeditor5-widget": "^33.0.0"
      },
      "engines": {
        "node": ">=14.0.0",
        "npm": ">=5.7.1"
      }
    },
    "node_modules/history": {
      "version": "4.10.1",
      "resolved": "https://registry.npmjs.org/history/-/history-4.10.1.tgz",
      "integrity": "sha512-36nwAD620w12kuzPAsyINPWJqlNbij+hpK1k9XRloDtym8mxzGYl2c17LnV6IAGB2Dmg4tEa7G7DlawS0+qjew==",
      "dependencies": {
        "@babel/runtime": "^7.1.2",
        "loose-envify": "^1.2.0",
        "resolve-pathname": "^3.0.0",
        "tiny-invariant": "^1.0.2",
        "tiny-warning": "^1.0.0",
        "value-equal": "^1.0.1"
      }
    },
    "node_modules/hoist-non-react-statics": {
      "version": "3.3.2",
      "resolved": "https://registry.npmjs.org/hoist-non-react-statics/-/hoist-non-react-statics-3.3.2.tgz",
      "integrity": "sha512-/gGivxi8JPKWNm/W0jSmzcMPpfpPLc3dY/6GxhX2hQ9iGj3aDfklV4ET7NjKpSinLpJ5vafa9iiGIEZg10SfBw==",
      "dependencies": {
        "react-is": "^16.7.0"
      }
    },
    "node_modules/isarray": {
      "version": "0.0.1",
      "resolved": "https://registry.npmjs.org/isarray/-/isarray-0.0.1.tgz",
      "integrity": "sha1-ihis/Kmo9Bd+Cav8YDiTmwXR7t8="
    },
    "node_modules/js-tokens": {
      "version": "4.0.0",
      "resolved": "https://registry.npmjs.org/js-tokens/-/js-tokens-4.0.0.tgz",
      "integrity": "sha512-RdJUflcE3cUzKiMqQgsCu06FPu9UdIJO0beYbPhHN4k6apgJtifcoCtT9bcxOpYBtpD2kCM6Sbzg4CausW/PKQ=="
    },
    "node_modules/lodash-es": {
      "version": "4.17.21",
      "resolved": "https://registry.npmjs.org/lodash-es/-/lodash-es-4.17.21.tgz",
      "integrity": "sha512-mKnC+QJ9pWVzv+C4/U3rRsHapFfHvQFoFB92e52xeyGMcX6/OlIl78je1u8vePzYZSkkogMPJ2yjxxsb89cxyw=="
    },
    "node_modules/loose-envify": {
      "version": "1.4.0",
      "resolved": "https://registry.npmjs.org/loose-envify/-/loose-envify-1.4.0.tgz",
      "integrity": "sha512-lyuxPGr/Wfhrlem2CL/UcnUc1zcqKAImBDzukY7Y5F/yQiNdko6+fRLevlw1HgMySw7f611UIY408EtxRSoK3Q==",
      "dependencies": {
        "js-tokens": "^3.0.0 || ^4.0.0"
      },
      "bin": {
        "loose-envify": "cli.js"
      }
    },
    "node_modules/mini-create-react-context": {
      "version": "0.4.1",
      "resolved": "https://registry.npmjs.org/mini-create-react-context/-/mini-create-react-context-0.4.1.tgz",
      "integrity": "sha512-YWCYEmd5CQeHGSAKrYvXgmzzkrvssZcuuQDDeqkT+PziKGMgE+0MCCtcKbROzocGBG1meBLl2FotlRwf4gAzbQ==",
      "dependencies": {
        "@babel/runtime": "^7.12.1",
        "tiny-warning": "^1.0.3"
      },
      "peerDependencies": {
        "prop-types": "^15.0.0",
        "react": "^0.14.0 || ^15.0.0 || ^16.0.0 || ^17.0.0"
      }
    },
    "node_modules/object-assign": {
      "version": "4.1.1",
      "resolved": "https://registry.npmjs.org/object-assign/-/object-assign-4.1.1.tgz",
      "integrity": "sha1-IQmtx5ZYh8/AXLvUQsrIv7s2CGM=",
      "engines": {
        "node": ">=0.10.0"
      }
    },
    "node_modules/path-to-regexp": {
      "version": "1.8.0",
      "resolved": "https://registry.npmjs.org/path-to-regexp/-/path-to-regexp-1.8.0.tgz",
      "integrity": "sha512-n43JRhlUKUAlibEJhPeir1ncUID16QnEjNpwzNdO3Lm4ywrBpBZ5oLD0I6br9evr1Y9JTqwRtAh7JLoOzAQdVA==",
      "dependencies": {
        "isarray": "0.0.1"
      }
    },
    "node_modules/prop-types": {
      "version": "15.8.1",
      "resolved": "https://registry.npmjs.org/prop-types/-/prop-types-15.8.1.tgz",
      "integrity": "sha512-oj87CgZICdulUohogVAR7AjlC0327U4el4L6eAvOqCeudMDVU0NThNaV+b9Df4dXgSP1gXMTnPdhfe/2qDH5cg==",
      "dependencies": {
        "loose-envify": "^1.4.0",
        "object-assign": "^4.1.1",
        "react-is": "^16.13.1"
      }
    },
    "node_modules/react": {
      "version": "17.0.2",
      "resolved": "https://registry.npmjs.org/react/-/react-17.0.2.tgz",
      "integrity": "sha512-gnhPt75i/dq/z3/6q/0asP78D0u592D5L1pd7M8P+dck6Fu/jJeL6iVVK23fptSUZj8Vjf++7wXA8UNclGQcbA==",
      "peer": true,
      "dependencies": {
        "loose-envify": "^1.1.0",
        "object-assign": "^4.1.1"
      },
      "engines": {
        "node": ">=0.10.0"
      }
    },
    "node_modules/react-is": {
      "version": "16.13.1",
      "resolved": "https://registry.npmjs.org/react-is/-/react-is-16.13.1.tgz",
      "integrity": "sha512-24e6ynE2H+OKt4kqsOvNd8kBpV65zoxbA4BVsEOB3ARVWQki/DHzaUoC5KuON/BiccDaCCTZBuOcfZs70kR8bQ=="
    },
    "node_modules/react-router": {
      "version": "5.2.1",
      "resolved": "https://registry.npmjs.org/react-router/-/react-router-5.2.1.tgz",
      "integrity": "sha512-lIboRiOtDLFdg1VTemMwud9vRVuOCZmUIT/7lUoZiSpPODiiH1UQlfXy+vPLC/7IWdFYnhRwAyNqA/+I7wnvKQ==",
      "dependencies": {
        "@babel/runtime": "^7.12.13",
        "history": "^4.9.0",
        "hoist-non-react-statics": "^3.1.0",
        "loose-envify": "^1.3.1",
        "mini-create-react-context": "^0.4.0",
        "path-to-regexp": "^1.7.0",
        "prop-types": "^15.6.2",
        "react-is": "^16.6.0",
        "tiny-invariant": "^1.0.2",
        "tiny-warning": "^1.0.0"
      },
      "peerDependencies": {
        "react": ">=15"
      }
    },
    "node_modules/react-router-dom": {
      "version": "5.3.0",
      "resolved": "https://registry.npmjs.org/react-router-dom/-/react-router-dom-5.3.0.tgz",
      "integrity": "sha512-ObVBLjUZsphUUMVycibxgMdh5jJ1e3o+KpAZBVeHcNQZ4W+uUGGWsokurzlF4YOldQYRQL4y6yFRWM4m3svmuQ==",
      "dependencies": {
        "@babel/runtime": "^7.12.13",
        "history": "^4.9.0",
        "loose-envify": "^1.3.1",
        "prop-types": "^15.6.2",
        "react-router": "5.2.1",
        "tiny-invariant": "^1.0.2",
        "tiny-warning": "^1.0.0"
      },
      "peerDependencies": {
        "react": ">=15"
      }
    },
    "node_modules/regenerator-runtime": {
      "version": "0.13.9",
      "resolved": "https://registry.npmjs.org/regenerator-runtime/-/regenerator-runtime-0.13.9.tgz",
      "integrity": "sha512-p3VT+cOEgxFsRRA9X4lkI1E+k2/CtnKtU4gcxyaCUreilL/vqI6CdZ3wxVUx3UOUg+gnUOQQcRI7BmSI656MYA=="
    },
    "node_modules/resolve-pathname": {
      "version": "3.0.0",
      "resolved": "https://registry.npmjs.org/resolve-pathname/-/resolve-pathname-3.0.0.tgz",
      "integrity": "sha512-C7rARubxI8bXFNB/hqcp/4iUeIXJhJZvFPFPiSPRnhU5UPxzMFIl+2E6yY6c4k9giDJAhtV+enfA+G89N6Csng=="
    },
    "node_modules/tiny-invariant": {
      "version": "1.2.0",
      "resolved": "https://registry.npmjs.org/tiny-invariant/-/tiny-invariant-1.2.0.tgz",
      "integrity": "sha512-1Uhn/aqw5C6RI4KejVeTg6mIS7IqxnLJ8Mv2tV5rTc0qWobay7pDUz6Wi392Cnc8ak1H0F2cjoRzb2/AW4+Fvg=="
    },
    "node_modules/tiny-warning": {
      "version": "1.0.3",
      "resolved": "https://registry.npmjs.org/tiny-warning/-/tiny-warning-1.0.3.tgz",
      "integrity": "sha512-lBN9zLN/oAf68o3zNXYrdCt1kP8WsiGW8Oo2ka41b2IM5JL/S1CTyX1rW0mb/zSuJun0ZUrDxx4sqvYS2FWzPA=="
    },
    "node_modules/value-equal": {
      "version": "1.0.1",
      "resolved": "https://registry.npmjs.org/value-equal/-/value-equal-1.0.1.tgz",
      "integrity": "sha512-NOJ6JZCAWr0zlxZt+xqCHNTEKOsrks2HQd4MqhP1qy4z1SkbEP467eNx6TgDKXMvUOb+OENfJCZwM+16n7fRfw=="
    }
  },
  "dependencies": {
    "@babel/runtime": {
      "version": "7.17.9",
      "resolved": "https://registry.npmjs.org/@babel/runtime/-/runtime-7.17.9.tgz",
      "integrity": "sha512-lSiBBvodq29uShpWGNbgFdKYNiFDo5/HIYsaCEY9ff4sb10x9jizo2+pRrSyF4jKZCXqgzuqBOQKbUm90gQwJg==",
      "requires": {
        "regenerator-runtime": "^0.13.4"
      }
    },
    "@ckeditor/ckeditor5-adapter-ckfinder": {
      "version": "33.0.0",
      "resolved": "https://registry.npmjs.org/@ckeditor/ckeditor5-adapter-ckfinder/-/ckeditor5-adapter-ckfinder-33.0.0.tgz",
      "integrity": "sha512-q2VlCvPKeNJYrL0edLI39EzLv9stmTSvHKD4dvcRECp+JqlRC9SjX04dYNDCC+ZSyLjIy/3wOIqxmxvJILQ+7w==",
      "requires": {
        "ckeditor5": "^33.0.0"
      }
    },
    "@ckeditor/ckeditor5-autoformat": {
      "version": "33.0.0",
      "resolved": "https://registry.npmjs.org/@ckeditor/ckeditor5-autoformat/-/ckeditor5-autoformat-33.0.0.tgz",
      "integrity": "sha512-UnHPuA62uN2UfD+WwXLAZGV86EUQqxEUdAI7CXvcXBMz6S8P687aakHMs20p+iuxdcRLyN4slDdpumpVHr2D/g==",
      "requires": {
        "ckeditor5": "^33.0.0"
      }
    },
    "@ckeditor/ckeditor5-basic-styles": {
      "version": "33.0.0",
      "resolved": "https://registry.npmjs.org/@ckeditor/ckeditor5-basic-styles/-/ckeditor5-basic-styles-33.0.0.tgz",
      "integrity": "sha512-cg8wlUelIPMOW7vDPQpYDcfN6XzR84u6HFyfCO+KnH0L5KerMm4qfA4bVZ+LksJWyxbu1plTvabq5inua2bUvw==",
      "requires": {
        "ckeditor5": "^33.0.0"
      }
    },
    "@ckeditor/ckeditor5-block-quote": {
      "version": "33.0.0",
      "resolved": "https://registry.npmjs.org/@ckeditor/ckeditor5-block-quote/-/ckeditor5-block-quote-33.0.0.tgz",
      "integrity": "sha512-ACP+nNz7hOV/u3/dcdQsG2Hk2AG7UvjNLEU1k4X4dg0MxANqpmTyfYDmofV7mUZ5fllFI3uuLabg81eLHlv1Xw==",
      "requires": {
        "ckeditor5": "^33.0.0"
      }
    },
    "@ckeditor/ckeditor5-build-classic": {
      "version": "33.0.0",
      "resolved": "https://registry.npmjs.org/@ckeditor/ckeditor5-build-classic/-/ckeditor5-build-classic-33.0.0.tgz",
      "integrity": "sha512-OyWPhUwi44OzMefReKUKWk8joKnmLJPEcB+GpEeonsB11AjGNFJejQirsDBnp0oryLxpt2/zq9APyABFVs9oBA==",
      "requires": {
        "@ckeditor/ckeditor5-adapter-ckfinder": "^33.0.0",
        "@ckeditor/ckeditor5-autoformat": "^33.0.0",
        "@ckeditor/ckeditor5-basic-styles": "^33.0.0",
        "@ckeditor/ckeditor5-block-quote": "^33.0.0",
        "@ckeditor/ckeditor5-ckfinder": "^33.0.0",
        "@ckeditor/ckeditor5-cloud-services": "^33.0.0",
        "@ckeditor/ckeditor5-easy-image": "^33.0.0",
        "@ckeditor/ckeditor5-editor-classic": "^33.0.0",
        "@ckeditor/ckeditor5-essentials": "^33.0.0",
        "@ckeditor/ckeditor5-heading": "^33.0.0",
        "@ckeditor/ckeditor5-image": "^33.0.0",
        "@ckeditor/ckeditor5-indent": "^33.0.0",
        "@ckeditor/ckeditor5-link": "^33.0.0",
        "@ckeditor/ckeditor5-list": "^33.0.0",
        "@ckeditor/ckeditor5-media-embed": "^33.0.0",
        "@ckeditor/ckeditor5-paragraph": "^33.0.0",
        "@ckeditor/ckeditor5-paste-from-office": "^33.0.0",
        "@ckeditor/ckeditor5-table": "^33.0.0",
        "@ckeditor/ckeditor5-typing": "^33.0.0"
      }
    },
    "@ckeditor/ckeditor5-ckfinder": {
      "version": "33.0.0",
      "resolved": "https://registry.npmjs.org/@ckeditor/ckeditor5-ckfinder/-/ckeditor5-ckfinder-33.0.0.tgz",
      "integrity": "sha512-LkOIHZJWKz6P8OWt04okccSxV/8NR751q4g7dUDwxf/u+JuV7WlPURp0wy5s22sIJPZHSa/nitF9o5wd98bcnQ==",
      "requires": {
        "ckeditor5": "^33.0.0"
      }
    },
    "@ckeditor/ckeditor5-clipboard": {
      "version": "33.0.0",
      "resolved": "https://registry.npmjs.org/@ckeditor/ckeditor5-clipboard/-/ckeditor5-clipboard-33.0.0.tgz",
      "integrity": "sha512-/2DHhIm6/ubaB4veLJbJ24earj3en5z0orzLA0mPCTT4ATag7C0YZ9+cyQZYLBbxbjPmOdMmR7jiM8Yw84AdNQ==",
      "requires": {
        "@ckeditor/ckeditor5-core": "^33.0.0",
        "@ckeditor/ckeditor5-engine": "^33.0.0",
        "@ckeditor/ckeditor5-utils": "^33.0.0",
        "@ckeditor/ckeditor5-widget": "^33.0.0",
        "lodash-es": "^4.17.11"
      }
    },
    "@ckeditor/ckeditor5-cloud-services": {
      "version": "33.0.0",
      "resolved": "https://registry.npmjs.org/@ckeditor/ckeditor5-cloud-services/-/ckeditor5-cloud-services-33.0.0.tgz",
      "integrity": "sha512-/Ohjy+UJE6m6dbx1XpFJ/ASU+o1a97FmiVU/fUD92Iywz1DFKzSb+xP8NcKpvez+P1OOOQDvhNwx/Gzclx51lw==",
      "requires": {
        "ckeditor5": "^33.0.0"
      }
    },
    "@ckeditor/ckeditor5-core": {
      "version": "33.0.0",
      "resolved": "https://registry.npmjs.org/@ckeditor/ckeditor5-core/-/ckeditor5-core-33.0.0.tgz",
      "integrity": "sha512-ciYryUdtckV/lGcmT9cTo5ZG12xpM8k1liMDCHs8tT/J8iq35JwSoiZGM3S9lhXLk7SB7hC2jd2JsugMoEzrFA==",
      "requires": {
        "@ckeditor/ckeditor5-engine": "^33.0.0",
        "@ckeditor/ckeditor5-ui": "^33.0.0",
        "@ckeditor/ckeditor5-utils": "^33.0.0",
        "lodash-es": "^4.17.15"
      }
    },
    "@ckeditor/ckeditor5-easy-image": {
      "version": "33.0.0",
      "resolved": "https://registry.npmjs.org/@ckeditor/ckeditor5-easy-image/-/ckeditor5-easy-image-33.0.0.tgz",
      "integrity": "sha512-HMj+Psqt6vXj3B7Ki2Ch5BZD6I8I+j9PL40QZuF7fkmV/fzJjCRYhu7Byzxvu/ZgjASJzxn7omOwdA04+dXeqg==",
      "requires": {
        "ckeditor5": "^33.0.0"
      }
    },
    "@ckeditor/ckeditor5-editor-classic": {
      "version": "33.0.0",
      "resolved": "https://registry.npmjs.org/@ckeditor/ckeditor5-editor-classic/-/ckeditor5-editor-classic-33.0.0.tgz",
      "integrity": "sha512-3KYvy7+Gj11NVgBXpL3CqeqeWcIJQlIyc73ODpK2+q9bkBk/1M4w6ZX0e5g+Pv3Q2h4bgfitWfXkfJBXXIrAYw==",
      "requires": {
        "ckeditor5": "^33.0.0",
        "lodash-es": "^4.17.15"
      }
    },
    "@ckeditor/ckeditor5-engine": {
      "version": "33.0.0",
      "resolved": "https://registry.npmjs.org/@ckeditor/ckeditor5-engine/-/ckeditor5-engine-33.0.0.tgz",
      "integrity": "sha512-dZIcj8f80s+4RxJaWZWoxK2E8OHDFGi8FDayqNy65lJp97ks4O5QCYm5N3/RRwaHqFtX0MkiCX0uTAKU6mTXCg==",
      "requires": {
        "@ckeditor/ckeditor5-utils": "^33.0.0",
        "lodash-es": "^4.17.15"
      }
    },
    "@ckeditor/ckeditor5-enter": {
      "version": "33.0.0",
      "resolved": "https://registry.npmjs.org/@ckeditor/ckeditor5-enter/-/ckeditor5-enter-33.0.0.tgz",
      "integrity": "sha512-L7viqPLQ2vJBlCWGR8CJGfu1uuwyxMvwj+r3GeCkd3QV+E9PHAzrslc8V4WIyUk9DUcFuuZaF4iT7NZapmWmvg==",
      "requires": {
        "@ckeditor/ckeditor5-core": "^33.0.0",
        "@ckeditor/ckeditor5-engine": "^33.0.0",
        "@ckeditor/ckeditor5-utils": "^33.0.0"
      }
    },
    "@ckeditor/ckeditor5-essentials": {
      "version": "33.0.0",
      "resolved": "https://registry.npmjs.org/@ckeditor/ckeditor5-essentials/-/ckeditor5-essentials-33.0.0.tgz",
      "integrity": "sha512-KXvyQ5Z/AGD0iTTnP4GMfTWrIY0Sip6kes7uqqbGdrCL/fINzUPywRSkgB5c9LBFleX/H12x5Cyn1lhof9zdiw==",
      "requires": {
        "ckeditor5": "^33.0.0"
      }
    },
    "@ckeditor/ckeditor5-heading": {
      "version": "33.0.0",
      "resolved": "https://registry.npmjs.org/@ckeditor/ckeditor5-heading/-/ckeditor5-heading-33.0.0.tgz",
      "integrity": "sha512-rYvl0uTN4FcSNU+X/PQXMeeCbfgHGXYqY5ZPfqmNYq3lrtnWDqaapoJiIh8ybeotQ8DDT3tCB+2drlhgKJwbkw==",
      "requires": {
        "ckeditor5": "^33.0.0"
      }
    },
    "@ckeditor/ckeditor5-image": {
      "version": "33.0.0",
      "resolved": "https://registry.npmjs.org/@ckeditor/ckeditor5-image/-/ckeditor5-image-33.0.0.tgz",
      "integrity": "sha512-Wal6j90JCspz1dvAjmDgNZj1UrqmDk54arXORn2deaVPCY5E7VSdaCPH4uSMT2Rppc6DQoidSxczXYnDkyCJxw==",
      "requires": {
        "@ckeditor/ckeditor5-ui": "^33.0.0",
        "ckeditor5": "^33.0.0",
        "lodash-es": "^4.17.15"
      }
    },
    "@ckeditor/ckeditor5-indent": {
      "version": "33.0.0",
      "resolved": "https://registry.npmjs.org/@ckeditor/ckeditor5-indent/-/ckeditor5-indent-33.0.0.tgz",
      "integrity": "sha512-PmI86z61/3XxhHTnMwqvfKBtBvnL+9OTqZRfh6IxO5onnj6sUsky8SD6J54MTynObZ1hSqqzToRQWg79A85LuQ==",
      "requires": {
        "ckeditor5": "^33.0.0"
      }
    },
    "@ckeditor/ckeditor5-link": {
      "version": "33.0.0",
      "resolved": "https://registry.npmjs.org/@ckeditor/ckeditor5-link/-/ckeditor5-link-33.0.0.tgz",
      "integrity": "sha512-KYejz6JuaKErtioN3/OkH31MBZen5g790FlBTvcSQUeCrajYJXfxXv6OaTNWgf4VM7pP8/NaRQ6MGICNn/imUw==",
      "requires": {
        "@ckeditor/ckeditor5-ui": "^33.0.0",
        "ckeditor5": "^33.0.0",
        "lodash-es": "^4.17.15"
      }
    },
    "@ckeditor/ckeditor5-list": {
      "version": "33.0.0",
      "resolved": "https://registry.npmjs.org/@ckeditor/ckeditor5-list/-/ckeditor5-list-33.0.0.tgz",
      "integrity": "sha512-duBpQFwfntztoFOoiAaSJFHIMuOzyN8PnGqgZ/ackt8jP2x2+1dViE6tAuHQz2KRsPCSAcW7NQlFOkma9+yFdg==",
      "requires": {
        "@ckeditor/ckeditor5-ui": "^33.0.0",
        "ckeditor5": "^33.0.0"
      }
    },
    "@ckeditor/ckeditor5-media-embed": {
      "version": "33.0.0",
      "resolved": "https://registry.npmjs.org/@ckeditor/ckeditor5-media-embed/-/ckeditor5-media-embed-33.0.0.tgz",
      "integrity": "sha512-gtIoQC/s4D7EsXYIawaLInTNX0H8RcUHSSRewO9F5C/LtVmkwhyMJ9H6DSPrPmhgOiDcJVfkQUaF5q8EPIt8Fw==",
      "requires": {
        "@ckeditor/ckeditor5-ui": "^33.0.0",
        "ckeditor5": "^33.0.0"
      }
    },
    "@ckeditor/ckeditor5-paragraph": {
      "version": "33.0.0",
      "resolved": "https://registry.npmjs.org/@ckeditor/ckeditor5-paragraph/-/ckeditor5-paragraph-33.0.0.tgz",
      "integrity": "sha512-uYCKWTWh/XmLKrcJB4FjW7F7aTW916U9nkpnzD5tWTOvh8Dl2MqpK9WpH+nCIi68suPVKjgYszAdNKOlUcF9oQ==",
      "requires": {
        "@ckeditor/ckeditor5-core": "^33.0.0",
        "@ckeditor/ckeditor5-ui": "^33.0.0",
        "@ckeditor/ckeditor5-utils": "^33.0.0"
      }
    },
    "@ckeditor/ckeditor5-paste-from-office": {
      "version": "33.0.0",
      "resolved": "https://registry.npmjs.org/@ckeditor/ckeditor5-paste-from-office/-/ckeditor5-paste-from-office-33.0.0.tgz",
      "integrity": "sha512-URUmnydab7IGogPNN5kXa8uVuHgqaIcXzbAW+UC0U7zFuwZymArnwk4g6aybfaDdMdYGbhzX2O+qrg9bXu06XA==",
      "requires": {
        "ckeditor5": "^33.0.0"
      }
    },
    "@ckeditor/ckeditor5-react": {
      "version": "4.0.1",
      "resolved": "https://registry.npmjs.org/@ckeditor/ckeditor5-react/-/ckeditor5-react-4.0.1.tgz",
      "integrity": "sha512-5qKZn8EVBeEYzmDrgpq31dC2rqcJ341xKQmuj7JYzT9szsuIIzI4zOm3cf9IIglRXVWCuWvELJs8qmRNW19dzg==",
      "requires": {
        "prop-types": "^15.7.2"
      }
    },
    "@ckeditor/ckeditor5-select-all": {
      "version": "33.0.0",
      "resolved": "https://registry.npmjs.org/@ckeditor/ckeditor5-select-all/-/ckeditor5-select-all-33.0.0.tgz",
      "integrity": "sha512-Srdp1vQtl3G0f7jgxerO+6oWuqcOs8zNtCKPgVAZICI3WJZZpC5QU4R7ouB2ESKhCL2nkRLMUB7j1+15mPj6Jg==",
      "requires": {
        "@ckeditor/ckeditor5-core": "^33.0.0",
        "@ckeditor/ckeditor5-ui": "^33.0.0",
        "@ckeditor/ckeditor5-utils": "^33.0.0"
      }
    },
    "@ckeditor/ckeditor5-table": {
      "version": "33.0.0",
      "resolved": "https://registry.npmjs.org/@ckeditor/ckeditor5-table/-/ckeditor5-table-33.0.0.tgz",
      "integrity": "sha512-sg7f0Yh9ax2oYT8YcnE4ZnI6L/oiGsfQPZQtSRiHA+whJUPf7DEAUr5bB/6CN7c/EmYM4LAixZUfp6kUnZuCsw==",
      "requires": {
        "ckeditor5": "^33.0.0",
        "lodash-es": "^4.17.15"
      }
    },
    "@ckeditor/ckeditor5-typing": {
      "version": "33.0.0",
      "resolved": "https://registry.npmjs.org/@ckeditor/ckeditor5-typing/-/ckeditor5-typing-33.0.0.tgz",
      "integrity": "sha512-OxRoGe1+KmvK5toG5b5HS2G1So/tdAtxzY2jQR5Zmi6XkpPHx1vNBUHfPP9eB5d6qcxKpp/EjjLkk0q4EN2b+A==",
      "requires": {
        "@ckeditor/ckeditor5-core": "^33.0.0",
        "@ckeditor/ckeditor5-engine": "^33.0.0",
        "@ckeditor/ckeditor5-utils": "^33.0.0",
        "lodash-es": "^4.17.15"
      }
    },
    "@ckeditor/ckeditor5-ui": {
      "version": "33.0.0",
      "resolved": "https://registry.npmjs.org/@ckeditor/ckeditor5-ui/-/ckeditor5-ui-33.0.0.tgz",
      "integrity": "sha512-T/H28BpORjciUb8EaYIdkWbDx9jsKqhQmIkx1huEpoMi0HNQcfwqyHEOlfLFZGAupEXLIlO7zmTCxGYbpCmVsQ==",
      "requires": {
        "@ckeditor/ckeditor5-core": "^33.0.0",
        "@ckeditor/ckeditor5-utils": "^33.0.0",
        "lodash-es": "^4.17.15"
      }
    },
    "@ckeditor/ckeditor5-undo": {
      "version": "33.0.0",
      "resolved": "https://registry.npmjs.org/@ckeditor/ckeditor5-undo/-/ckeditor5-undo-33.0.0.tgz",
      "integrity": "sha512-GvM5OAHMhnO/RYFNAKykrjAEPaPk7RWachp50Fl5P8IE37fmnf2pLAfSJFhr+Al2FzOGzsx7SNc308DnOOiXDQ==",
      "requires": {
        "@ckeditor/ckeditor5-core": "^33.0.0",
        "@ckeditor/ckeditor5-engine": "^33.0.0",
        "@ckeditor/ckeditor5-ui": "^33.0.0"
      }
    },
    "@ckeditor/ckeditor5-upload": {
      "version": "33.0.0",
      "resolved": "https://registry.npmjs.org/@ckeditor/ckeditor5-upload/-/ckeditor5-upload-33.0.0.tgz",
      "integrity": "sha512-Bhp7fh8k7UVc82uyjTPy64T180FgV7S1vngjVFAT2hj2JXDyy+PgEU5pFpVSc5OaMovk0w2NC3bNv7aYiSIr7g==",
      "requires": {
        "@ckeditor/ckeditor5-core": "^33.0.0",
        "@ckeditor/ckeditor5-ui": "^33.0.0",
        "@ckeditor/ckeditor5-utils": "^33.0.0"
      }
    },
    "@ckeditor/ckeditor5-utils": {
      "version": "33.0.0",
      "resolved": "https://registry.npmjs.org/@ckeditor/ckeditor5-utils/-/ckeditor5-utils-33.0.0.tgz",
      "integrity": "sha512-6XEv4CPUI86Rmk49BxPe+GoUzVUxJAykKOhhKTRcAa6JfKsFuop/j7rqlGCd87X3rxE3/lpzoamQs5D0WKMW6w==",
      "requires": {
        "lodash-es": "^4.17.15"
      }
    },
    "@ckeditor/ckeditor5-widget": {
      "version": "33.0.0",
      "resolved": "https://registry.npmjs.org/@ckeditor/ckeditor5-widget/-/ckeditor5-widget-33.0.0.tgz",
      "integrity": "sha512-4GFsYQ5UQlQm46nTyQTp8RLZbSlRZ2DV/sgG3ZcC8f1Ar7CSDo1evJ5cE9XZCdi26S7QCIjRbYE4YDGgUV0Trw==",
      "requires": {
        "@ckeditor/ckeditor5-core": "^33.0.0",
        "@ckeditor/ckeditor5-engine": "^33.0.0",
        "@ckeditor/ckeditor5-enter": "^33.0.0",
        "@ckeditor/ckeditor5-typing": "^33.0.0",
        "@ckeditor/ckeditor5-ui": "^33.0.0",
        "@ckeditor/ckeditor5-utils": "^33.0.0",
        "lodash-es": "^4.17.15"
      }
    },
    "ckeditor5": {
      "version": "33.0.0",
      "resolved": "https://registry.npmjs.org/ckeditor5/-/ckeditor5-33.0.0.tgz",
      "integrity": "sha512-KW1NkNFHEch8SsaUE3Gc1NcBETd4qYHuMsTHFkfQWRYKIBqu1kH5csZbERG3RW93K0EzBYZJqyxWMjJzBmK9ZA==",
      "requires": {
        "@ckeditor/ckeditor5-clipboard": "^33.0.0",
        "@ckeditor/ckeditor5-core": "^33.0.0",
        "@ckeditor/ckeditor5-engine": "^33.0.0",
        "@ckeditor/ckeditor5-enter": "^33.0.0",
        "@ckeditor/ckeditor5-paragraph": "^33.0.0",
        "@ckeditor/ckeditor5-select-all": "^33.0.0",
        "@ckeditor/ckeditor5-typing": "^33.0.0",
        "@ckeditor/ckeditor5-ui": "^33.0.0",
        "@ckeditor/ckeditor5-undo": "^33.0.0",
        "@ckeditor/ckeditor5-upload": "^33.0.0",
        "@ckeditor/ckeditor5-utils": "^33.0.0",
        "@ckeditor/ckeditor5-widget": "^33.0.0"
      }
    },
    "history": {
      "version": "4.10.1",
      "resolved": "https://registry.npmjs.org/history/-/history-4.10.1.tgz",
      "integrity": "sha512-36nwAD620w12kuzPAsyINPWJqlNbij+hpK1k9XRloDtym8mxzGYl2c17LnV6IAGB2Dmg4tEa7G7DlawS0+qjew==",
      "requires": {
        "@babel/runtime": "^7.1.2",
        "loose-envify": "^1.2.0",
        "resolve-pathname": "^3.0.0",
        "tiny-invariant": "^1.0.2",
        "tiny-warning": "^1.0.0",
        "value-equal": "^1.0.1"
      }
    },
    "hoist-non-react-statics": {
      "version": "3.3.2",
      "resolved": "https://registry.npmjs.org/hoist-non-react-statics/-/hoist-non-react-statics-3.3.2.tgz",
      "integrity": "sha512-/gGivxi8JPKWNm/W0jSmzcMPpfpPLc3dY/6GxhX2hQ9iGj3aDfklV4ET7NjKpSinLpJ5vafa9iiGIEZg10SfBw==",
      "requires": {
        "react-is": "^16.7.0"
      }
    },
    "isarray": {
      "version": "0.0.1",
      "resolved": "https://registry.npmjs.org/isarray/-/isarray-0.0.1.tgz",
      "integrity": "sha1-ihis/Kmo9Bd+Cav8YDiTmwXR7t8="
    },
    "js-tokens": {
      "version": "4.0.0",
      "resolved": "https://registry.npmjs.org/js-tokens/-/js-tokens-4.0.0.tgz",
      "integrity": "sha512-RdJUflcE3cUzKiMqQgsCu06FPu9UdIJO0beYbPhHN4k6apgJtifcoCtT9bcxOpYBtpD2kCM6Sbzg4CausW/PKQ=="
    },
    "lodash-es": {
      "version": "4.17.21",
      "resolved": "https://registry.npmjs.org/lodash-es/-/lodash-es-4.17.21.tgz",
      "integrity": "sha512-mKnC+QJ9pWVzv+C4/U3rRsHapFfHvQFoFB92e52xeyGMcX6/OlIl78je1u8vePzYZSkkogMPJ2yjxxsb89cxyw=="
    },
    "loose-envify": {
      "version": "1.4.0",
      "resolved": "https://registry.npmjs.org/loose-envify/-/loose-envify-1.4.0.tgz",
      "integrity": "sha512-lyuxPGr/Wfhrlem2CL/UcnUc1zcqKAImBDzukY7Y5F/yQiNdko6+fRLevlw1HgMySw7f611UIY408EtxRSoK3Q==",
      "requires": {
        "js-tokens": "^3.0.0 || ^4.0.0"
      }
    },
    "mini-create-react-context": {
      "version": "0.4.1",
      "resolved": "https://registry.npmjs.org/mini-create-react-context/-/mini-create-react-context-0.4.1.tgz",
      "integrity": "sha512-YWCYEmd5CQeHGSAKrYvXgmzzkrvssZcuuQDDeqkT+PziKGMgE+0MCCtcKbROzocGBG1meBLl2FotlRwf4gAzbQ==",
      "requires": {
        "@babel/runtime": "^7.12.1",
        "tiny-warning": "^1.0.3"
      }
    },
    "object-assign": {
      "version": "4.1.1",
      "resolved": "https://registry.npmjs.org/object-assign/-/object-assign-4.1.1.tgz",
      "integrity": "sha1-IQmtx5ZYh8/AXLvUQsrIv7s2CGM="
    },
    "path-to-regexp": {
      "version": "1.8.0",
      "resolved": "https://registry.npmjs.org/path-to-regexp/-/path-to-regexp-1.8.0.tgz",
      "integrity": "sha512-n43JRhlUKUAlibEJhPeir1ncUID16QnEjNpwzNdO3Lm4ywrBpBZ5oLD0I6br9evr1Y9JTqwRtAh7JLoOzAQdVA==",
      "requires": {
        "isarray": "0.0.1"
      }
    },
    "prop-types": {
      "version": "15.8.1",
      "resolved": "https://registry.npmjs.org/prop-types/-/prop-types-15.8.1.tgz",
      "integrity": "sha512-oj87CgZICdulUohogVAR7AjlC0327U4el4L6eAvOqCeudMDVU0NThNaV+b9Df4dXgSP1gXMTnPdhfe/2qDH5cg==",
      "requires": {
        "loose-envify": "^1.4.0",
        "object-assign": "^4.1.1",
        "react-is": "^16.13.1"
      }
    },
    "react": {
      "version": "17.0.2",
      "resolved": "https://registry.npmjs.org/react/-/react-17.0.2.tgz",
      "integrity": "sha512-gnhPt75i/dq/z3/6q/0asP78D0u592D5L1pd7M8P+dck6Fu/jJeL6iVVK23fptSUZj8Vjf++7wXA8UNclGQcbA==",
      "peer": true,
      "requires": {
        "loose-envify": "^1.1.0",
        "object-assign": "^4.1.1"
      }
    },
    "react-is": {
      "version": "16.13.1",
      "resolved": "https://registry.npmjs.org/react-is/-/react-is-16.13.1.tgz",
      "integrity": "sha512-24e6ynE2H+OKt4kqsOvNd8kBpV65zoxbA4BVsEOB3ARVWQki/DHzaUoC5KuON/BiccDaCCTZBuOcfZs70kR8bQ=="
    },
    "react-router": {
      "version": "5.2.1",
      "resolved": "https://registry.npmjs.org/react-router/-/react-router-5.2.1.tgz",
      "integrity": "sha512-lIboRiOtDLFdg1VTemMwud9vRVuOCZmUIT/7lUoZiSpPODiiH1UQlfXy+vPLC/7IWdFYnhRwAyNqA/+I7wnvKQ==",
      "requires": {
        "@babel/runtime": "^7.12.13",
        "history": "^4.9.0",
        "hoist-non-react-statics": "^3.1.0",
        "loose-envify": "^1.3.1",
        "mini-create-react-context": "^0.4.0",
        "path-to-regexp": "^1.7.0",
        "prop-types": "^15.6.2",
        "react-is": "^16.6.0",
        "tiny-invariant": "^1.0.2",
        "tiny-warning": "^1.0.0"
      }
    },
    "react-router-dom": {
      "version": "5.3.0",
      "resolved": "https://registry.npmjs.org/react-router-dom/-/react-router-dom-5.3.0.tgz",
      "integrity": "sha512-ObVBLjUZsphUUMVycibxgMdh5jJ1e3o+KpAZBVeHcNQZ4W+uUGGWsokurzlF4YOldQYRQL4y6yFRWM4m3svmuQ==",
      "requires": {
        "@babel/runtime": "^7.12.13",
        "history": "^4.9.0",
        "loose-envify": "^1.3.1",
        "prop-types": "^15.6.2",
        "react-router": "5.2.1",
        "tiny-invariant": "^1.0.2",
        "tiny-warning": "^1.0.0"
      }
    },
    "regenerator-runtime": {
      "version": "0.13.9",
      "resolved": "https://registry.npmjs.org/regenerator-runtime/-/regenerator-runtime-0.13.9.tgz",
      "integrity": "sha512-p3VT+cOEgxFsRRA9X4lkI1E+k2/CtnKtU4gcxyaCUreilL/vqI6CdZ3wxVUx3UOUg+gnUOQQcRI7BmSI656MYA=="
    },
    "resolve-pathname": {
      "version": "3.0.0",
      "resolved": "https://registry.npmjs.org/resolve-pathname/-/resolve-pathname-3.0.0.tgz",
      "integrity": "sha512-C7rARubxI8bXFNB/hqcp/4iUeIXJhJZvFPFPiSPRnhU5UPxzMFIl+2E6yY6c4k9giDJAhtV+enfA+G89N6Csng=="
    },
    "tiny-invariant": {
      "version": "1.2.0",
      "resolved": "https://registry.npmjs.org/tiny-invariant/-/tiny-invariant-1.2.0.tgz",
      "integrity": "sha512-1Uhn/aqw5C6RI4KejVeTg6mIS7IqxnLJ8Mv2tV5rTc0qWobay7pDUz6Wi392Cnc8ak1H0F2cjoRzb2/AW4+Fvg=="
    },
    "tiny-warning": {
      "version": "1.0.3",
      "resolved": "https://registry.npmjs.org/tiny-warning/-/tiny-warning-1.0.3.tgz",
      "integrity": "sha512-lBN9zLN/oAf68o3zNXYrdCt1kP8WsiGW8Oo2ka41b2IM5JL/S1CTyX1rW0mb/zSuJun0ZUrDxx4sqvYS2FWzPA=="
    },
    "value-equal": {
      "version": "1.0.1",
      "resolved": "https://registry.npmjs.org/value-equal/-/value-equal-1.0.1.tgz",
      "integrity": "sha512-NOJ6JZCAWr0zlxZt+xqCHNTEKOsrks2HQd4MqhP1qy4z1SkbEP467eNx6TgDKXMvUOb+OENfJCZwM+16n7fRfw=="
    }
  }
}
